
Microsoft Visual Studio Solution File, Format Version 12.00
# Visual Studio Version 16
VisualStudioVersion = 16.0.29009.5
MinimumVisualStudioVersion = 10.0.40219.1
Project("{9A19103F-16F7-4668-BE54-9A1E7A4F7556}") = "LanguageFeatures", "LanguageFeatures\LanguageFeatures.csproj", "{3221535C-71D5-4B35-8D19-05FC1010397E}"
EndProject
Project("{9A19103F-16F7-4668-BE54-9A1E7A4F7556}") = "Razor", "Razor\Razor.csproj", "{DA81B17A-A562-4C4A-BDA5-305420750652}"
EndProject
Project("{9A19103F-16F7-4668-BE54-9A1E7A4F7556}") = "WorkingWithVS", "WorkingWithVS\WorkingWithVS.csproj", "{F97E5681-4A8D-4A0E-B51B-1150949ACDF8}"
EndProject
Project("{9A19103F-16F7-4668-BE54-9A1E7A4F7556}") = "UnitTest", "UnitTest\UnitTest.csproj", "{1B82C3B8-5552-4305-8104-1CF135726062}"
EndProject
Project("{9A19103F-16F7-4668-BE54-9A1E7A4F7556}") = "XUnitTest", "XUnitTest\XUnitTest.csproj", "{6046A256-AD2B-447C-A700-0489F01C2AF7}"
EndProject
Project("{FAE04EC0-301F-11D3-BF4B-00C04F79EFBC}") = "SportsStore", "SportsStore\SportsStore.csproj", "{F871C051-416A-43A6-AB08-E4EE069669B3}"
EndProject
Project("{FAE04EC0-301F-11D3-BF4B-00C04F79EFBC}") = "SportsStore.Tests", "SportsStore.Tests\SportsStore.Tests.csproj", "{FD19151B-D2AB-4BE6-8C87-1A853C517AE0}"
EndProject
Global
	GlobalSection(SolutionConfigurationPlatforms) = preSolution
		Debug|Any CPU = Debug|Any CPU
		Release|Any CPU = Release|Any CPU
	EndGlobalSection
	GlobalSection(ProjectConfigurationPlatforms) = postSolution
		{3221535C-71D5-4B35-8D19-05FC1010397E}.Debug|Any CPU.ActiveCfg = Debug|Any CPU
		{3221535C-71D5-4B35-8D19-05FC1010397E}.Debug|Any CPU.Build.0 = Debug|Any CPU
		{3221535C-71D5-4B35-8D19-05FC1010397E}.Release|Any CPU.ActiveCfg = Release|Any CPU
		{3221535C-71D5-4B35-8D19-05FC1010397E}.Release|Any CPU.Build.0 = Release|Any CPU
		{DA81B17A-A562-4C4A-BDA5-305420750652}.Debug|Any CPU.ActiveCfg = Debug|Any CPU
		{DA81B17A-A562-4C4A-BDA5-305420750652}.Debug|Any CPU.Build.0 = Debug|Any CPU
		{DA81B17A-A562-4C4A-BDA5-305420750652}.Release|Any CPU.ActiveCfg = Release|Any CPU
		{DA81B17A-A562-4C4A-BDA5-305420750652}.Release|Any CPU.Build.0 = Release|Any CPU
		{F97E5681-4A8D-4A0E-B51B-1150949ACDF8}.Debug|Any CPU.ActiveCfg = Debug|Any CPU
		{F97E5681-4A8D-4A0E-B51B-1150949ACDF8}.Debug|Any CPU.Build.0 = Debug|Any CPU
		{F97E5681-4A8D-4A0E-B51B-1150949ACDF8}.Release|Any CPU.ActiveCfg = Release|Any CPU
		{F97E5681-4A8D-4A0E-B51B-1150949ACDF8}.Release|Any CPU.Build.0 = Release|Any CPU
		{1B82C3B8-5552-4305-8104-1CF135726062}.Debug|Any CPU.ActiveCfg = Debug|Any CPU
		{1B82C3B8-5552-4305-8104-1CF135726062}.Debug|Any CPU.Build.0 = Debug|Any CPU
		{1B82C3B8-5552-4305-8104-1CF135726062}.Release|Any CPU.ActiveCfg = Release|Any CPU
		{1B82C3B8-5552-4305-8104-1CF135726062}.Release|Any CPU.Build.0 = Release|Any CPU
		{6046A256-AD2B-447C-A700-0489F01C2AF7}.Debug|Any CPU.ActiveCfg = Debug|Any CPU
		{6046A256-AD2B-447C-A700-0489F01C2AF7}.Debug|Any CPU.Build.0 = Debug|Any CPU
		{6046A256-AD2B-447C-A700-0489F01C2AF7}.Release|Any CPU.ActiveCfg = Release|Any CPU
		{6046A256-AD2B-447C-A700-0489F01C2AF7}.Release|Any CPU.Build.0 = Release|Any CPU
		{F871C051-416A-43A6-AB08-E4EE069669B3}.Debug|Any CPU.ActiveCfg = Debug|Any CPU
		{F871C051-416A-43A6-AB08-E4EE069669B3}.Debug|Any CPU.Build.0 = Debug|Any CPU
		{F871C051-416A-43A6-AB08-E4EE069669B3}.Release|Any CPU.ActiveCfg = Release|Any CPU
		{F871C051-416A-43A6-AB08-E4EE069669B3}.Release|Any CPU.Build.0 = Release|Any CPU
		{FD19151B-D2AB-4BE6-8C87-1A853C517AE0}.Debug|Any CPU.ActiveCfg = Debug|Any CPU
		{FD19151B-D2AB-4BE6-8C87-1A853C517AE0}.Debug|Any CPU.Build.0 = Debug|Any CPU
		{FD19151B-D2AB-4BE6-8C87-1A853C517AE0}.Release|Any CPU.ActiveCfg = Release|Any CPU
		{FD19151B-D2AB-4BE6-8C87-1A853C517AE0}.Release|Any CPU.Build.0 = Release|Any CPU
	EndGlobalSection
	GlobalSection(SolutionProperties) = preSolution
		HideSolutionNode = FALSE
	EndGlobalSection
	GlobalSection(ExtensibilityGlobals) = postSolution
		SolutionGuid = {A580D4F5-4CA1-48BC-A69B-09B644BDC3EC}
	EndGlobalSection
EndGlobal
